# This file is automatically @generated by Cargo.
# It is not intended for manual editing.
[[package]]
name = "ansi-escapes"
version = "0.1.0"
source = "registry+https://github.com/rust-lang/crates.io-index"
checksum = "163bff5f88583fe2d90e3002ea2a3b613c93b5e3eb84daf7fd539032e32a68b3"

[[package]]
name = "connect_four"
version = "0.1.1"
dependencies = [
 "log-update",
]

[[package]]
name = "log-update"
version = "0.1.0"
source = "registry+https://github.com/rust-lang/crates.io-index"
checksum = "6f04940d2443eee57bf0a6e9751a96c1d8af76ff02d8380b1fc0cc67acd393e5"
dependencies = [
 "ansi-escapes",
]
